
Microsoft Visual Studio Solution File, Format Version 12.00
# Visual Studio 15
VisualStudioVersion = 15.0.28307.572
MinimumVisualStudioVersion = 10.0.40219.1
Project("{8BC9CEB8-8B4A-11D0-8D11-00A0C91BC942}") = "InjDll6", "InjDll6\InjDll6.vcxproj", "{76339AB2-F645-4BCD-BB07-73CE82ADE6EA}"
EndProject
Project("{8BC9CEB8-8B4A-11D0-8D11-00A0C91BC942}") = "PolyHook2", "PolyHook2\PolyHook2.vcxproj", "{462E54D3-69BA-4FCA-B5E9-1F3C36710EE1}"
EndProject
Project("{8BC9CEB8-8B4A-11D0-8D11-00A0C91BC942}") = "SimpleGame", "SimpleGame\SimpleGame.vcxproj", "{503166DB-EA54-457F-9906-6697FBF4F481}"
EndProject
Project("{8BC9CEB8-8B4A-11D0-8D11-00A0C91BC942}") = "CallMonitor", "CallMonitor\CallMonitor.vcxproj", "{F743D2C9-3749-4D94-AED6-047F1EB03398}"
EndProject
Project("{8BC9CEB8-8B4A-11D0-8D11-00A0C91BC942}") = "HookMan", "HookMan\HookMan.vcxproj", "{9B98F1E3-EB96-4B38-92CA-8DB8AE9339B5}"
EndProject
Project("{FAE04EC0-301F-11D3-BF4B-00C04F79EFBC}") = "SimpleDisplay", "SimpleDisplay\SimpleDisplay.csproj", "{6664CC73-1C68-4496-B852-D143B26E9703}"
EndProject
Project("{FAE04EC0-301F-11D3-BF4B-00C04F79EFBC}") = "MonitorCommander", "MonitorCommander\MonitorCommander.csproj", "{02620D57-3CF0-4BCC-B994-00DFA9574A90}"
EndProject
Project("{8BC9CEB8-8B4A-11D0-8D11-00A0C91BC942}") = "Symbols", "Symbols\Symbols.vcxproj", "{5D6996A1-837C-4F36-A726-CE2A70B94E2C}"
EndProject
Project("{8BC9CEB8-8B4A-11D0-8D11-00A0C91BC942}") = "SymbolSelector", "SymbolSelector\SymbolSelector.vcxproj", "{30E0B3A5-8B79-4F27-8B3B-9C2F2C05CF83}"
EndProject
Project("{FAE04EC0-301F-11D3-BF4B-00C04F79EFBC}") = "HookSharpTest", "HookSharpTest\HookSharpTest.csproj", "{759B493C-3A60-4A95-BD9C-29692F7E5405}"
EndProject
Project("{FAE04EC0-301F-11D3-BF4B-00C04F79EFBC}") = "Common", "Common\Common.csproj", "{3BB30C6C-C644-4928-AB23-82C3553E4A92}"
EndProject
Global
	GlobalSection(SolutionConfigurationPlatforms) = preSolution
		Debug|Any CPU = Debug|Any CPU
		Debug|x64 = Debug|x64
		Debug|x86 = Debug|x86
		Release|Any CPU = Release|Any CPU
		Release|x64 = Release|x64
		Release|x86 = Release|x86
	EndGlobalSection
	GlobalSection(ProjectConfigurationPlatforms) = postSolution
		{76339AB2-F645-4BCD-BB07-73CE82ADE6EA}.Debug|Any CPU.ActiveCfg = Debug|Win32
		{76339AB2-F645-4BCD-BB07-73CE82ADE6EA}.Debug|x64.ActiveCfg = Debug|x64
		{76339AB2-F645-4BCD-BB07-73CE82ADE6EA}.Debug|x64.Build.0 = Debug|x64
		{76339AB2-F645-4BCD-BB07-73CE82ADE6EA}.Debug|x86.ActiveCfg = Debug|Win32
		{76339AB2-F645-4BCD-BB07-73CE82ADE6EA}.Debug|x86.Build.0 = Debug|Win32
		{76339AB2-F645-4BCD-BB07-73CE82ADE6EA}.Release|Any CPU.ActiveCfg = Release|Win32
		{76339AB2-F645-4BCD-BB07-73CE82ADE6EA}.Release|x64.ActiveCfg = Release|x64
		{76339AB2-F645-4BCD-BB07-73CE82ADE6EA}.Release|x64.Build.0 = Release|x64
		{76339AB2-F645-4BCD-BB07-73CE82ADE6EA}.Release|x86.ActiveCfg = Release|Win32
		{76339AB2-F645-4BCD-BB07-73CE82ADE6EA}.Release|x86.Build.0 = Release|Win32
		{462E54D3-69BA-4FCA-B5E9-1F3C36710EE1}.Debug|Any CPU.ActiveCfg = Debug|Win32
		{462E54D3-69BA-4FCA-B5E9-1F3C36710EE1}.Debug|x64.ActiveCfg = Debug|x64
		{462E54D3-69BA-4FCA-B5E9-1F3C36710EE1}.Debug|x64.Build.0 = Debug|x64
		{462E54D3-69BA-4FCA-B5E9-1F3C36710EE1}.Debug|x86.ActiveCfg = Debug|Win32
		{462E54D3-69BA-4FCA-B5E9-1F3C36710EE1}.Debug|x86.Build.0 = Debug|Win32
		{462E54D3-69BA-4FCA-B5E9-1F3C36710EE1}.Release|Any CPU.ActiveCfg = Release|Win32
		{462E54D3-69BA-4FCA-B5E9-1F3C36710EE1}.Release|x64.ActiveCfg = Release|x64
		{462E54D3-69BA-4FCA-B5E9-1F3C36710EE1}.Release|x64.Build.0 = Release|x64
		{462E54D3-69BA-4FCA-B5E9-1F3C36710EE1}.Release|x86.ActiveCfg = Release|Win32
		{462E54D3-69BA-4FCA-B5E9-1F3C36710EE1}.Release|x86.Build.0 = Release|Win32
		{503166DB-EA54-457F-9906-6697FBF4F481}.Debug|Any CPU.ActiveCfg = Debug|Win32
		{503166DB-EA54-457F-9906-6697FBF4F481}.Debug|x64.ActiveCfg = Debug|x64
		{503166DB-EA54-457F-9906-6697FBF4F481}.Debug|x64.Build.0 = Debug|x64
		{503166DB-EA54-457F-9906-6697FBF4F481}.Debug|x86.ActiveCfg = Debug|Win32
		{503166DB-EA54-457F-9906-6697FBF4F481}.Debug|x86.Build.0 = Debug|Win32
		{503166DB-EA54-457F-9906-6697FBF4F481}.Release|Any CPU.ActiveCfg = Release|Win32
		{503166DB-EA54-457F-9906-6697FBF4F481}.Release|x64.ActiveCfg = Release|x64
		{503166DB-EA54-457F-9906-6697FBF4F481}.Release|x64.Build.0 = Release|x64
		{503166DB-EA54-457F-9906-6697FBF4F481}.Release|x86.ActiveCfg = Release|Win32
		{503166DB-EA54-457F-9906-6697FBF4F481}.Release|x86.Build.0 = Release|Win32
		{F743D2C9-3749-4D94-AED6-047F1EB03398}.Debug|Any CPU.ActiveCfg = Debug|Win32
		{F743D2C9-3749-4D94-AED6-047F1EB03398}.Debug|x64.ActiveCfg = Debug|x64
		{F743D2C9-3749-4D94-AED6-047F1EB03398}.Debug|x64.Build.0 = Debug|x64
		{F743D2C9-3749-4D94-AED6-047F1EB03398}.Debug|x86.ActiveCfg = Debug|Win32
		{F743D2C9-3749-4D94-AED6-047F1EB03398}.Debug|x86.Build.0 = Debug|Win32
		{F743D2C9-3749-4D94-AED6-047F1EB03398}.Release|Any CPU.ActiveCfg = Release|Win32
		{F743D2C9-3749-4D94-AED6-047F1EB03398}.Release|x64.ActiveCfg = Release|x64
		{F743D2C9-3749-4D94-AED6-047F1EB03398}.Release|x64.Build.0 = Release|x64
		{F743D2C9-3749-4D94-AED6-047F1EB03398}.Release|x86.ActiveCfg = Release|Win32
		{F743D2C9-3749-4D94-AED6-047F1EB03398}.Release|x86.Build.0 = Release|Win32
		{9B98F1E3-EB96-4B38-92CA-8DB8AE9339B5}.Debug|Any CPU.ActiveCfg = Debug|Win32
		{9B98F1E3-EB96-4B38-92CA-8DB8AE9339B5}.Debug|x64.ActiveCfg = Debug|x64
		{9B98F1E3-EB96-4B38-92CA-8DB8AE9339B5}.Debug|x64.Build.0 = Debug|x64
		{9B98F1E3-EB96-4B38-92CA-8DB8AE9339B5}.Debug|x86.ActiveCfg = Debug|Win32
		{9B98F1E3-EB96-4B38-92CA-8DB8AE9339B5}.Debug|x86.Build.0 = Debug|Win32
		{9B98F1E3-EB96-4B38-92CA-8DB8AE9339B5}.Release|Any CPU.ActiveCfg = Release|Win32
		{9B98F1E3-EB96-4B38-92CA-8DB8AE9339B5}.Release|x64.ActiveCfg = Release|x64
		{9B98F1E3-EB96-4B38-92CA-8DB8AE9339B5}.Release|x64.Build.0 = Release|x64
		{9B98F1E3-EB96-4B38-92CA-8DB8AE9339B5}.Release|x86.ActiveCfg = Release|Win32
		{9B98F1E3-EB96-4B38-92CA-8DB8AE9339B5}.Release|x86.Build.0 = Release|Win32
		{6664CC73-1C68-4496-B852-D143B26E9703}.Debug|Any CPU.ActiveCfg = Debug|Any CPU
		{6664CC73-1C68-4496-B852-D143B26E9703}.Debug|Any CPU.Build.0 = Debug|Any CPU
		{6664CC73-1C68-4496-B852-D143B26E9703}.Debug|x64.ActiveCfg = Debug|Any CPU
		{6664CC73-1C68-4496-B852-D143B26E9703}.Debug|x64.Build.0 = Debug|Any CPU
		{6664CC73-1C68-4496-B852-D143B26E9703}.Debug|x86.ActiveCfg = Debug|Any CPU
		{6664CC73-1C68-4496-B852-D143B26E9703}.Debug|x86.Build.0 = Debug|Any CPU
		{6664CC73-1C68-4496-B852-D143B26E9703}.Release|Any CPU.ActiveCfg = Release|Any CPU
		{6664CC73-1C68-4496-B852-D143B26E9703}.Release|Any CPU.Build.0 = Release|Any CPU
		{6664CC73-1C68-4496-B852-D143B26E9703}.Release|x64.ActiveCfg = Release|Any CPU
		{6664CC73-1C68-4496-B852-D143B26E9703}.Release|x64.Build.0 = Release|Any CPU
		{6664CC73-1C68-4496-B852-D143B26E9703}.Release|x86.ActiveCfg = Release|Any CPU
		{6664CC73-1C68-4496-B852-D143B26E9703}.Release|x86.Build.0 = Release|Any CPU
		{02620D57-3CF0-4BCC-B994-00DFA9574A90}.Debug|Any CPU.ActiveCfg = Debug|Any CPU
		{02620D57-3CF0-4BCC-B994-00DFA9574A90}.Debug|Any CPU.Build.0 = Debug|Any CPU
		{02620D57-3CF0-4BCC-B994-00DFA9574A90}.Debug|x64.ActiveCfg = Debug|Any CPU
		{02620D57-3CF0-4BCC-B994-00DFA9574A90}.Debug|x64.Build.0 = Debug|Any CPU
		{02620D57-3CF0-4BCC-B994-00DFA9574A90}.Debug|x86.ActiveCfg = Debug|Any CPU
		{02620D57-3CF0-4BCC-B994-00DFA9574A90}.Debug|x86.Build.0 = Debug|Any CPU
		{02620D57-3CF0-4BCC-B994-00DFA9574A90}.Release|Any CPU.ActiveCfg = Release|Any CPU
		{02620D57-3CF0-4BCC-B994-00DFA9574A90}.Release|Any CPU.Build.0 = Release|Any CPU
		{02620D57-3CF0-4BCC-B994-00DFA9574A90}.Release|x64.ActiveCfg = Release|Any CPU
		{02620D57-3CF0-4BCC-B994-00DFA9574A90}.Release|x64.Build.0 = Release|Any CPU
		{02620D57-3CF0-4BCC-B994-00DFA9574A90}.Release|x86.ActiveCfg = Release|Any CPU
		{02620D57-3CF0-4BCC-B994-00DFA9574A90}.Release|x86.Build.0 = Release|Any CPU
		{5D6996A1-837C-4F36-A726-CE2A70B94E2C}.Debug|Any CPU.ActiveCfg = Debug|Win32
		{5D6996A1-837C-4F36-A726-CE2A70B94E2C}.Debug|x64.ActiveCfg = Debug|x64
		{5D6996A1-837C-4F36-A726-CE2A70B94E2C}.Debug|x64.Build.0 = Debug|x64
		{5D6996A1-837C-4F36-A726-CE2A70B94E2C}.Debug|x86.ActiveCfg = Debug|Win32
		{5D6996A1-837C-4F36-A726-CE2A70B94E2C}.Debug|x86.Build.0 = Debug|Win32
		{5D6996A1-837C-4F36-A726-CE2A70B94E2C}.Release|Any CPU.ActiveCfg = Release|Win32
		{5D6996A1-837C-4F36-A726-CE2A70B94E2C}.Release|x64.ActiveCfg = Release|x64
		{5D6996A1-837C-4F36-A726-CE2A70B94E2C}.Release|x64.Build.0 = Release|x64
		{5D6996A1-837C-4F36-A726-CE2A70B94E2C}.Release|x86.ActiveCfg = Release|Win32
		{5D6996A1-837C-4F36-A726-CE2A70B94E2C}.Release|x86.Build.0 = Release|Win32
		{30E0B3A5-8B79-4F27-8B3B-9C2F2C05CF83}.Debug|Any CPU.ActiveCfg = Debug|Win32
		{30E0B3A5-8B79-4F27-8B3B-9C2F2C05CF83}.Debug|x64.ActiveCfg = Debug|x64
		{30E0B3A5-8B79-4F27-8B3B-9C2F2C05CF83}.Debug|x64.Build.0 = Debug|x64
		{30E0B3A5-8B79-4F27-8B3B-9C2F2C05CF83}.Debug|x86.ActiveCfg = Debug|Win32
		{30E0B3A5-8B79-4F27-8B3B-9C2F2C05CF83}.Debug|x86.Build.0 = Debug|Win32
		{30E0B3A5-8B79-4F27-8B3B-9C2F2C05CF83}.Release|Any CPU.ActiveCfg = Release|Win32
		{30E0B3A5-8B79-4F27-8B3B-9C2F2C05CF83}.Release|x64.ActiveCfg = Release|x64
		{30E0B3A5-8B79-4F27-8B3B-9C2F2C05CF83}.Release|x64.Build.0 = Release|x64
		{30E0B3A5-8B79-4F27-8B3B-9C2F2C05CF83}.Release|x86.ActiveCfg = Release|Win32
		{30E0B3A5-8B79-4F27-8B3B-9C2F2C05CF83}.Release|x86.Build.0 = Release|Win32
		{759B493C-3A60-4A95-BD9C-29692F7E5405}.Debug|Any CPU.ActiveCfg = Debug|Any CPU
		{759B493C-3A60-4A95-BD9C-29692F7E5405}.Debug|Any CPU.Build.0 = Debug|Any CPU
		{759B493C-3A60-4A95-BD9C-29692F7E5405}.Debug|x64.ActiveCfg = Debug|Any CPU
		{759B493C-3A60-4A95-BD9C-29692F7E5405}.Debug|x64.Build.0 = Debug|Any CPU
		{759B493C-3A60-4A95-BD9C-29692F7E5405}.Debug|x86.ActiveCfg = Debug|Any CPU
		{759B493C-3A60-4A95-BD9C-29692F7E5405}.Debug|x86.Build.0 = Debug|Any CPU
		{759B493C-3A60-4A95-BD9C-29692F7E5405}.Release|Any CPU.ActiveCfg = Release|Any CPU
		{759B493C-3A60-4A95-BD9C-29692F7E5405}.Release|Any CPU.Build.0 = Release|Any CPU
		{759B493C-3A60-4A95-BD9C-29692F7E5405}.Release|x64.ActiveCfg = Release|Any CPU
		{759B493C-3A60-4A95-BD9C-29692F7E5405}.Release|x64.Build.0 = Release|Any CPU
		{759B493C-3A60-4A95-BD9C-29692F7E5405}.Release|x86.ActiveCfg = Release|Any CPU
		{759B493C-3A60-4A95-BD9C-29692F7E5405}.Release|x86.Build.0 = Release|Any CPU
		{3BB30C6C-C644-4928-AB23-82C3553E4A92}.Debug|Any CPU.ActiveCfg = Debug|Any CPU
		{3BB30C6C-C644-4928-AB23-82C3553E4A92}.Debug|Any CPU.Build.0 = Debug|Any CPU
		{3BB30C6C-C644-4928-AB23-82C3553E4A92}.Debug|x64.ActiveCfg = Debug|Any CPU
		{3BB30C6C-C644-4928-AB23-82C3553E4A92}.Debug|x64.Build.0 = Debug|Any CPU
		{3BB30C6C-C644-4928-AB23-82C3553E4A92}.Debug|x86.ActiveCfg = Debug|Any CPU
		{3BB30C6C-C644-4928-AB23-82C3553E4A92}.Debug|x86.Build.0 = Debug|Any CPU
		{3BB30C6C-C644-4928-AB23-82C3553E4A92}.Release|Any CPU.ActiveCfg = Release|Any CPU
		{3BB30C6C-C644-4928-AB23-82C3553E4A92}.Release|Any CPU.Build.0 = Release|Any CPU
		{3BB30C6C-C644-4928-AB23-82C3553E4A92}.Release|x64.ActiveCfg = Release|Any CPU
		{3BB30C6C-C644-4928-AB23-82C3553E4A92}.Release|x64.Build.0 = Release|Any CPU
		{3BB30C6C-C644-4928-AB23-82C3553E4A92}.Release|x86.ActiveCfg = Release|Any CPU
		{3BB30C6C-C644-4928-AB23-82C3553E4A92}.Release|x86.Build.0 = Release|Any CPU
	EndGlobalSection
	GlobalSection(SolutionProperties) = preSolution
		HideSolutionNode = FALSE
	EndGlobalSection
	GlobalSection(ExtensibilityGlobals) = postSolution
		SolutionGuid = {4FEA7467-8568-42F4-9AA6-0972727509D4}
	EndGlobalSection
EndGlobal
